
Microsoft Visual Studio Solution File, Format Version 12.00
# Visual Studio Version 17
VisualStudioVersion = 17.6.33829.357
MinimumVisualStudioVersion = 10.0.40219.1
Project("{8BC9CEB8-8B4A-11D0-8D11-00A0C91BC942}") = "Lv0", "Lv0\Lv0.vcxproj", "{0443E12D-BC07-4C5F-BF00-2F58FE40E5F6}"
EndProject
Project("{8BC9CEB8-8B4A-11D0-8D11-00A0C91BC942}") = "Lv1", "Lv1\Lv1.vcxproj", "{3489E819-DBD1-4F8D-A151-67F45677A22A}"
EndProject
Project("{8BC9CEB8-8B4A-11D0-8D11-00A0C91BC942}") = "Lv2", "Lv2\Lv2.vcxproj", "{A23546AE-4559-4B44-8F81-9E96DB5FB1BF}"
EndProject
Global
	GlobalSection(SolutionConfigurationPlatforms) = preSolution
		Debug|x64 = Debug|x64
		Debug|x86 = Debug|x86
		Release|x64 = Release|x64
		Release|x86 = Release|x86
	EndGlobalSection
	GlobalSection(ProjectConfigurationPlatforms) = postSolution
		{0443E12D-BC07-4C5F-BF00-2F58FE40E5F6}.Debug|x64.ActiveCfg = Debug|x64
		{0443E12D-BC07-4C5F-BF00-2F58FE40E5F6}.Debug|x64.Build.0 = Debug|x64
		{0443E12D-BC07-4C5F-BF00-2F58FE40E5F6}.Debug|x86.ActiveCfg = Debug|Win32
		{0443E12D-BC07-4C5F-BF00-2F58FE40E5F6}.Debug|x86.Build.0 = Debug|Win32
		{0443E12D-BC07-4C5F-BF00-2F58FE40E5F6}.Release|x64.ActiveCfg = Release|x64
		{0443E12D-BC07-4C5F-BF00-2F58FE40E5F6}.Release|x64.Build.0 = Release|x64
		{0443E12D-BC07-4C5F-BF00-2F58FE40E5F6}.Release|x86.ActiveCfg = Release|Win32
		{0443E12D-BC07-4C5F-BF00-2F58FE40E5F6}.Release|x86.Build.0 = Release|Win32
		{3489E819-DBD1-4F8D-A151-67F45677A22A}.Debug|x64.ActiveCfg = Debug|x64
		{3489E819-DBD1-4F8D-A151-67F45677A22A}.Debug|x64.Build.0 = Debug|x64
		{3489E819-DBD1-4F8D-A151-67F45677A22A}.Debug|x86.ActiveCfg = Debug|Win32
		{3489E819-DBD1-4F8D-A151-67F45677A22A}.Debug|x86.Build.0 = Debug|Win32
		{3489E819-DBD1-4F8D-A151-67F45677A22A}.Release|x64.ActiveCfg = Release|x64
		{3489E819-DBD1-4F8D-A151-67F45677A22A}.Release|x64.Build.0 = Release|x64
		{3489E819-DBD1-4F8D-A151-67F45677A22A}.Release|x86.ActiveCfg = Release|Win32
		{3489E819-DBD1-4F8D-A151-67F45677A22A}.Release|x86.Build.0 = Release|Win32
		{A23546AE-4559-4B44-8F81-9E96DB5FB1BF}.Debug|x64.ActiveCfg = Debug|x64
		{A23546AE-4559-4B44-8F81-9E96DB5FB1BF}.Debug|x64.Build.0 = Debug|x64
		{A23546AE-4559-4B44-8F81-9E96DB5FB1BF}.Debug|x86.ActiveCfg = Debug|Win32
		{A23546AE-4559-4B44-8F81-9E96DB5FB1BF}.Debug|x86.Build.0 = Debug|Win32
		{A23546AE-4559-4B44-8F81-9E96DB5FB1BF}.Release|x64.ActiveCfg = Release|x64
		{A23546AE-4559-4B44-8F81-9E96DB5FB1BF}.Release|x64.Build.0 = Release|x64
		{A23546AE-4559-4B44-8F81-9E96DB5FB1BF}.Release|x86.ActiveCfg = Release|Win32
		{A23546AE-4559-4B44-8F81-9E96DB5FB1BF}.Release|x86.Build.0 = Release|Win32
	EndGlobalSection
	GlobalSection(SolutionProperties) = preSolution
		HideSolutionNode = FALSE
	EndGlobalSection
	GlobalSection(ExtensibilityGlobals) = postSolution
		SolutionGuid = {37EE986D-BBAF-4520-A3BF-4A01B7B503E5}
	EndGlobalSection
EndGlobal
